
Microsoft Visual Studio Solution File, Format Version 12.00
# Visual Studio Version 17
VisualStudioVersion = 17.14.36310.24 d17.14
MinimumVisualStudioVersion = 10.0.40219.1
Project("{8BC9CEB8-8B4A-11D0-8D11-00A0C91BC942}") = "Functions_lab_3", "Functions_lab_3.vcxproj", "{656B5397-EC2E-4FFA-BEF2-3CC467096712}"
EndProject
Global
	GlobalSection(SolutionConfigurationPlatforms) = preSolution
		Debug|x64 = Debug|x64
		Debug|x86 = Debug|x86
		Release|x64 = Release|x64
		Release|x86 = Release|x86
	EndGlobalSection
	GlobalSection(ProjectConfigurationPlatforms) = postSolution
		{656B5397-EC2E-4FFA-BEF2-3CC467096712}.Debug|x64.ActiveCfg = Debug|x64
		{656B5397-EC2E-4FFA-BEF2-3CC467096712}.Debug|x64.Build.0 = Debug|x64
		{656B5397-EC2E-4FFA-BEF2-3CC467096712}.Debug|x86.ActiveCfg = Debug|Win32
		{656B5397-EC2E-4FFA-BEF2-3CC467096712}.Debug|x86.Build.0 = Debug|Win32
		{656B5397-EC2E-4FFA-BEF2-3CC467096712}.Release|x64.ActiveCfg = Release|x64
		{656B5397-EC2E-4FFA-BEF2-3CC467096712}.Release|x64.Build.0 = Release|x64
		{656B5397-EC2E-4FFA-BEF2-3CC467096712}.Release|x86.ActiveCfg = Release|Win32
		{656B5397-EC2E-4FFA-BEF2-3CC467096712}.Release|x86.Build.0 = Release|Win32
	EndGlobalSection
	GlobalSection(SolutionProperties) = preSolution
		HideSolutionNode = FALSE
	EndGlobalSection
	GlobalSection(ExtensibilityGlobals) = postSolution
		SolutionGuid = {7CCFFD7C-7A2E-4980-B5C8-E1DE5803F3D4}
	EndGlobalSection
EndGlobal
